
Microsoft Visual Studio Solution File, Format Version 12.00
# Visual Studio Version 17
VisualStudioVersion = 17.3.32819.101
MinimumVisualStudioVersion = 10.0.40219.1
Project("{2150E333-8FDC-42A3-9474-1A3956D46DE8}") = "src", "src", "{F4ABE580-6D01-47A6-9B4C-6A2E92760276}"
EndProject
Project("{2150E333-8FDC-42A3-9474-1A3956D46DE8}") = "corePackages", "corePackages", "{01218D31-671B-4489-BEE3-1781CF90B718}"
EndProject
Project("{FAE04EC0-301F-11D3-BF4B-00C04F79EFBC}") = "Core.Application", "Core.Application\Core.Application.csproj", "{5E5E84BB-5A21-4908-97B5-5A4E81A82112}"
EndProject
Project("{FAE04EC0-301F-11D3-BF4B-00C04F79EFBC}") = "Core.Persistence", "Core.Persistence\Core.Persistence.csproj", "{58DF45E3-CD13-469A-8E90-D695B3F530BD}"
EndProject
Project("{FAE04EC0-301F-11D3-BF4B-00C04F79EFBC}") = "Core.CrossCuttingConcerns", "Core.CrossCuttingConcerns\Core.CrossCuttingConcerns.csproj", "{D1BD841C-43F2-476C-8257-917571823518}"
EndProject
Project("{FAE04EC0-301F-11D3-BF4B-00C04F79EFBC}") = "Core.ElasticSearch", "Core.ElasticSearch\Core.ElasticSearch.csproj", "{578FD4C9-7192-4C38-BBAA-885459D0EAEF}"
EndProject
Project("{FAE04EC0-301F-11D3-BF4B-00C04F79EFBC}") = "Core.Mailing", "Core.Mailing\Core.Mailing.csproj", "{A68F16B7-7EB0-4E5E-BA8A-D77AE39DF56D}"
EndProject
Project("{FAE04EC0-301F-11D3-BF4B-00C04F79EFBC}") = "Core.Security", "Core.Security\Core.Security.csproj", "{C7460738-B8D0-446A-AB6D-CC220670DA54}"
EndProject
Project("{2150E333-8FDC-42A3-9474-1A3956D46DE8}") = "kodlamaioDevs", "kodlamaioDevs", "{FC4053DB-A899-44E7-BA29-925F3E96A6A0}"
EndProject
Project("{FAE04EC0-301F-11D3-BF4B-00C04F79EFBC}") = "WebAPI", "src\kodlamaioDevs\WebAPI\WebAPI.csproj", "{6EDA2E04-7607-4F6B-800C-8B36FB3F1049}"
EndProject
Project("{FAE04EC0-301F-11D3-BF4B-00C04F79EFBC}") = "Application", "src\kodlamaioDevs\Application\Application.csproj", "{E158C938-B842-4D34-855C-A541CB68F604}"
EndProject
Project("{FAE04EC0-301F-11D3-BF4B-00C04F79EFBC}") = "Persistence", "src\kodlamaioDevs\Persistence\Persistence.csproj", "{C4DC2EED-02ED-4ADE-BC90-17EED773BD6E}"
EndProject
Project("{FAE04EC0-301F-11D3-BF4B-00C04F79EFBC}") = "Domain", "src\kodlamaioDevs\Domain\Domain.csproj", "{4AA1FE60-CA0A-4346-B943-733F418FAB07}"
EndProject
Project("{FAE04EC0-301F-11D3-BF4B-00C04F79EFBC}") = "Infrastructure", "src\kodlamaioDevs\Infrastructure\Infrastructure.csproj", "{96926C73-9611-4BA0-B16B-3CF350D47349}"
EndProject
Global
	GlobalSection(SolutionConfigurationPlatforms) = preSolution
		Debug|Any CPU = Debug|Any CPU
		Release|Any CPU = Release|Any CPU
	EndGlobalSection
	GlobalSection(ProjectConfigurationPlatforms) = postSolution
		{5E5E84BB-5A21-4908-97B5-5A4E81A82112}.Debug|Any CPU.ActiveCfg = Debug|Any CPU
		{5E5E84BB-5A21-4908-97B5-5A4E81A82112}.Debug|Any CPU.Build.0 = Debug|Any CPU
		{5E5E84BB-5A21-4908-97B5-5A4E81A82112}.Release|Any CPU.ActiveCfg = Release|Any CPU
		{5E5E84BB-5A21-4908-97B5-5A4E81A82112}.Release|Any CPU.Build.0 = Release|Any CPU
		{58DF45E3-CD13-469A-8E90-D695B3F530BD}.Debug|Any CPU.ActiveCfg = Debug|Any CPU
		{58DF45E3-CD13-469A-8E90-D695B3F530BD}.Debug|Any CPU.Build.0 = Debug|Any CPU
		{58DF45E3-CD13-469A-8E90-D695B3F530BD}.Release|Any CPU.ActiveCfg = Release|Any CPU
		{58DF45E3-CD13-469A-8E90-D695B3F530BD}.Release|Any CPU.Build.0 = Release|Any CPU
		{D1BD841C-43F2-476C-8257-917571823518}.Debug|Any CPU.ActiveCfg = Debug|Any CPU
		{D1BD841C-43F2-476C-8257-917571823518}.Debug|Any CPU.Build.0 = Debug|Any CPU
		{D1BD841C-43F2-476C-8257-917571823518}.Release|Any CPU.ActiveCfg = Release|Any CPU
		{D1BD841C-43F2-476C-8257-917571823518}.Release|Any CPU.Build.0 = Release|Any CPU
		{578FD4C9-7192-4C38-BBAA-885459D0EAEF}.Debug|Any CPU.ActiveCfg = Debug|Any CPU
		{578FD4C9-7192-4C38-BBAA-885459D0EAEF}.Debug|Any CPU.Build.0 = Debug|Any CPU
		{578FD4C9-7192-4C38-BBAA-885459D0EAEF}.Release|Any CPU.ActiveCfg = Release|Any CPU
		{578FD4C9-7192-4C38-BBAA-885459D0EAEF}.Release|Any CPU.Build.0 = Release|Any CPU
		{A68F16B7-7EB0-4E5E-BA8A-D77AE39DF56D}.Debug|Any CPU.ActiveCfg = Debug|Any CPU
		{A68F16B7-7EB0-4E5E-BA8A-D77AE39DF56D}.Debug|Any CPU.Build.0 = Debug|Any CPU
		{A68F16B7-7EB0-4E5E-BA8A-D77AE39DF56D}.Release|Any CPU.ActiveCfg = Release|Any CPU
		{A68F16B7-7EB0-4E5E-BA8A-D77AE39DF56D}.Release|Any CPU.Build.0 = Release|Any CPU
		{C7460738-B8D0-446A-AB6D-CC220670DA54}.Debug|Any CPU.ActiveCfg = Debug|Any CPU
		{C7460738-B8D0-446A-AB6D-CC220670DA54}.Debug|Any CPU.Build.0 = Debug|Any CPU
		{C7460738-B8D0-446A-AB6D-CC220670DA54}.Release|Any CPU.ActiveCfg = Release|Any CPU
		{C7460738-B8D0-446A-AB6D-CC220670DA54}.Release|Any CPU.Build.0 = Release|Any CPU
		{6EDA2E04-7607-4F6B-800C-8B36FB3F1049}.Debug|Any CPU.ActiveCfg = Debug|Any CPU
		{6EDA2E04-7607-4F6B-800C-8B36FB3F1049}.Debug|Any CPU.Build.0 = Debug|Any CPU
		{6EDA2E04-7607-4F6B-800C-8B36FB3F1049}.Release|Any CPU.ActiveCfg = Release|Any CPU
		{6EDA2E04-7607-4F6B-800C-8B36FB3F1049}.Release|Any CPU.Build.0 = Release|Any CPU
		{E158C938-B842-4D34-855C-A541CB68F604}.Debug|Any CPU.ActiveCfg = Debug|Any CPU
		{E158C938-B842-4D34-855C-A541CB68F604}.Debug|Any CPU.Build.0 = Debug|Any CPU
		{E158C938-B842-4D34-855C-A541CB68F604}.Release|Any CPU.ActiveCfg = Release|Any CPU
		{E158C938-B842-4D34-855C-A541CB68F604}.Release|Any CPU.Build.0 = Release|Any CPU
		{C4DC2EED-02ED-4ADE-BC90-17EED773BD6E}.Debug|Any CPU.ActiveCfg = Debug|Any CPU
		{C4DC2EED-02ED-4ADE-BC90-17EED773BD6E}.Debug|Any CPU.Build.0 = Debug|Any CPU
		{C4DC2EED-02ED-4ADE-BC90-17EED773BD6E}.Release|Any CPU.ActiveCfg = Release|Any CPU
		{C4DC2EED-02ED-4ADE-BC90-17EED773BD6E}.Release|Any CPU.Build.0 = Release|Any CPU
		{4AA1FE60-CA0A-4346-B943-733F418FAB07}.Debug|Any CPU.ActiveCfg = Debug|Any CPU
		{4AA1FE60-CA0A-4346-B943-733F418FAB07}.Debug|Any CPU.Build.0 = Debug|Any CPU
		{4AA1FE60-CA0A-4346-B943-733F418FAB07}.Release|Any CPU.ActiveCfg = Release|Any CPU
		{4AA1FE60-CA0A-4346-B943-733F418FAB07}.Release|Any CPU.Build.0 = Release|Any CPU
		{96926C73-9611-4BA0-B16B-3CF350D47349}.Debug|Any CPU.ActiveCfg = Debug|Any CPU
		{96926C73-9611-4BA0-B16B-3CF350D47349}.Debug|Any CPU.Build.0 = Debug|Any CPU
		{96926C73-9611-4BA0-B16B-3CF350D47349}.Release|Any CPU.ActiveCfg = Release|Any CPU
		{96926C73-9611-4BA0-B16B-3CF350D47349}.Release|Any CPU.Build.0 = Release|Any CPU
	EndGlobalSection
	GlobalSection(SolutionProperties) = preSolution
		HideSolutionNode = FALSE
	EndGlobalSection
	GlobalSection(NestedProjects) = preSolution
		{01218D31-671B-4489-BEE3-1781CF90B718} = {F4ABE580-6D01-47A6-9B4C-6A2E92760276}
		{5E5E84BB-5A21-4908-97B5-5A4E81A82112} = {01218D31-671B-4489-BEE3-1781CF90B718}
		{58DF45E3-CD13-469A-8E90-D695B3F530BD} = {01218D31-671B-4489-BEE3-1781CF90B718}
		{D1BD841C-43F2-476C-8257-917571823518} = {01218D31-671B-4489-BEE3-1781CF90B718}
		{578FD4C9-7192-4C38-BBAA-885459D0EAEF} = {01218D31-671B-4489-BEE3-1781CF90B718}
		{A68F16B7-7EB0-4E5E-BA8A-D77AE39DF56D} = {01218D31-671B-4489-BEE3-1781CF90B718}
		{C7460738-B8D0-446A-AB6D-CC220670DA54} = {01218D31-671B-4489-BEE3-1781CF90B718}
		{FC4053DB-A899-44E7-BA29-925F3E96A6A0} = {F4ABE580-6D01-47A6-9B4C-6A2E92760276}
		{6EDA2E04-7607-4F6B-800C-8B36FB3F1049} = {FC4053DB-A899-44E7-BA29-925F3E96A6A0}
		{E158C938-B842-4D34-855C-A541CB68F604} = {FC4053DB-A899-44E7-BA29-925F3E96A6A0}
		{C4DC2EED-02ED-4ADE-BC90-17EED773BD6E} = {FC4053DB-A899-44E7-BA29-925F3E96A6A0}
		{4AA1FE60-CA0A-4346-B943-733F418FAB07} = {FC4053DB-A899-44E7-BA29-925F3E96A6A0}
		{96926C73-9611-4BA0-B16B-3CF350D47349} = {FC4053DB-A899-44E7-BA29-925F3E96A6A0}
	EndGlobalSection
	GlobalSection(ExtensibilityGlobals) = postSolution
		SolutionGuid = {9229320C-35B9-4629-8391-A33644325196}
	EndGlobalSection
EndGlobal
